// !$*UTF8*$!
{
	archiveVersion = 1;
	classes = {
	};
	objectVersion = 56;
	objects = {

/* Begin PBXBuildFile section */
		3B5C8F122C50803C0025A196 /* ProfileView.swift in Sources */ = {isa = PBXBuildFile; fileRef = 3B5C8F112C50803C0025A196 /* ProfileView.swift */; };
		3B97DE792C4F67D5009ED947 /* SociallyApp.swift in Sources */ = {isa = PBXBuildFile; fileRef = 3B97DE782C4F67D5009ED947 /* SociallyApp.swift */; };
		3B97DE7D2C4F67D6009ED947 /* Assets.xcassets in Resources */ = {isa = PBXBuildFile; fileRef = 3B97DE7C2C4F67D6009ED947 /* Assets.xcassets */; };
		3B97DE802C4F67D6009ED947 /* Preview Assets.xcassets in Resources */ = {isa = PBXBuildFile; fileRef = 3B97DE7F2C4F67D6009ED947 /* Preview Assets.xcassets */; };
		3B97DE872C4F68F5009ED947 /* GoogleService-Info.plist in Resources */ = {isa = PBXBuildFile; fileRef = 3B97DE862C4F68F5009ED947 /* GoogleService-Info.plist */; };
		3B97DE8A2C4F69B2009ED947 /* FirebaseAuth in Frameworks */ = {isa = PBXBuildFile; productRef = 3B97DE892C4F69B2009ED947 /* FirebaseAuth */; };
		3B97DE8C2C4F69B2009ED947 /* FirebaseFirestore in Frameworks */ = {isa = PBXBuildFile; productRef = 3B97DE8B2C4F69B2009ED947 /* FirebaseFirestore */; };
		3B97DE8E2C4F69B2009ED947 /* FirebaseFirestoreSwift in Frameworks */ = {isa = PBXBuildFile; productRef = 3B97DE8D2C4F69B2009ED947 /* FirebaseFirestoreSwift */; };
		3B97DE902C4F69B2009ED947 /* FirebaseStorage in Frameworks */ = {isa = PBXBuildFile; productRef = 3B97DE8F2C4F69B2009ED947 /* FirebaseStorage */; };
		3B97DE922C4F6AE7009ED947 /* Post.swift in Sources */ = {isa = PBXBuildFile; fileRef = 3B97DE912C4F6AE7009ED947 /* Post.swift */; };
		3B97DE942C4F6C8C009ED947 /* PostViewModel.swift in Sources */ = {isa = PBXBuildFile; fileRef = 3B97DE932C4F6C8C009ED947 /* PostViewModel.swift */; };
		3B97DE962C4F7340009ED947 /* PostView.swift in Sources */ = {isa = PBXBuildFile; fileRef = 3B97DE952C4F7340009ED947 /* PostView.swift */; };
		3B97DE982C4F78E1009ED947 /* FeedView.swift in Sources */ = {isa = PBXBuildFile; fileRef = 3B97DE972C4F78E1009ED947 /* FeedView.swift */; };
		3B97DE9B2C4F8074009ED947 /* AuthViewModel.swift in Sources */ = {isa = PBXBuildFile; fileRef = 3B97DE9A2C4F8074009ED947 /* AuthViewModel.swift */; };
		3B97DE9D2C4F81C0009ED947 /* SignUpView.swift in Sources */ = {isa = PBXBuildFile; fileRef = 3B97DE9C2C4F81C0009ED947 /* SignUpView.swift */; };
/* End PBXBuildFile section */

/* Begin PBXFileReference section */
		3B5C8F112C50803C0025A196 /* ProfileView.swift */ = {isa = PBXFileReference; lastKnownFileType = sourcecode.swift; path = ProfileView.swift; sourceTree = "<group>"; };
		3B97DE752C4F67D5009ED947 /* Socially.app */ = {isa = PBXFileReference; explicitFileType = wrapper.application; includeInIndex = 0; path = Socially.app; sourceTree = BUILT_PRODUCTS_DIR; };
		3B97DE782C4F67D5009ED947 /* SociallyApp.swift */ = {isa = PBXFileReference; lastKnownFileType = sourcecode.swift; path = SociallyApp.swift; sourceTree = "<group>"; };
		3B97DE7C2C4F67D6009ED947 /* Assets.xcassets */ = {isa = PBXFileReference; lastKnownFileType = folder.assetcatalog; path = Assets.xcassets; sourceTree = "<group>"; };
		3B97DE7F2C4F67D6009ED947 /* Preview Assets.xcassets */ = {isa = PBXFileReference; lastKnownFileType = folder.assetcatalog; path = "Preview Assets.xcassets"; sourceTree = "<group>"; };
		3B97DE862C4F68F5009ED947 /* GoogleService-Info.plist */ = {isa = PBXFileReference; fileEncoding = 4; lastKnownFileType = text.plist.xml; name = "GoogleService-Info.plist"; path = "../../../../../../Downloads/GoogleService-Info.plist"; sourceTree = "<group>"; };
		3B97DE912C4F6AE7009ED947 /* Post.swift */ = {isa = PBXFileReference; lastKnownFileType = sourcecode.swift; path = Post.swift; sourceTree = "<group>"; };
		3B97DE932C4F6C8C009ED947 /* PostViewModel.swift */ = {isa = PBXFileReference; lastKnownFileType = sourcecode.swift; path = PostViewModel.swift; sourceTree = "<group>"; };
		3B97DE952C4F7340009ED947 /* PostView.swift */ = {isa = PBXFileReference; lastKnownFileType = sourcecode.swift; path = PostView.swift; sourceTree = "<group>"; };
		3B97DE972C4F78E1009ED947 /* FeedView.swift */ = {isa = PBXFileReference; lastKnownFileType = sourcecode.swift; path = FeedView.swift; sourceTree = "<group>"; };
		3B97DE992C4F7F77009ED947 /* Socially.entitlements */ = {isa = PBXFileReference; lastKnownFileType = text.plist.entitlements; path = Socially.entitlements; sourceTree = "<group>"; };
		3B97DE9A2C4F8074009ED947 /* AuthViewModel.swift */ = {isa = PBXFileReference; lastKnownFileType = sourcecode.swift; path = AuthViewModel.swift; sourceTree = "<group>"; };
		3B97DE9C2C4F81C0009ED947 /* SignUpView.swift */ = {isa = PBXFileReference; lastKnownFileType = sourcecode.swift; path = SignUpView.swift; sourceTree = "<group>"; };
/* End PBXFileReference section */

/* Begin PBXFrameworksBuildPhase section */
		3B97DE722C4F67D5009ED947 /* Frameworks */ = {
			isa = PBXFrameworksBuildPhase;
			buildActionMask = 2147483647;
			files = (
				3B97DE8A2C4F69B2009ED947 /* FirebaseAuth in Frameworks */,
				3B97DE902C4F69B2009ED947 /* FirebaseStorage in Frameworks */,
				3B97DE8C2C4F69B2009ED947 /* FirebaseFirestore in Frameworks */,
				3B97DE8E2C4F69B2009ED947 /* FirebaseFirestoreSwift in Frameworks */,
			);
			runOnlyForDeploymentPostprocessing = 0;
		};
/* End PBXFrameworksBuildPhase section */

/* Begin PBXGroup section */
		3B5C8F132C50922E0025A196 /* Account */ = {
			isa = PBXGroup;
			children = (
				3B5C8F162C5092ED0025A196 /* Models */,
				3B5C8F152C5092E00025A196 /* Views */,
			);
			path = Account;
			sourceTree = "<group>";
		};
		3B5C8F142C5092660025A196 /* Posts */ = {
			isa = PBXGroup;
			children = (
				3B5C8F182C5093180025A196 /* Models */,
				3B5C8F192C5093320025A196 /* ViewModels */,
				3B5C8F172C50930D0025A196 /* Views */,
			);
			path = Posts;
			sourceTree = "<group>";
		};
		3B5C8F152C5092E00025A196 /* Views */ = {
			isa = PBXGroup;
			children = (
				3B5C8F112C50803C0025A196 /* ProfileView.swift */,
				3B97DE9C2C4F81C0009ED947 /* SignUpView.swift */,
			);
			path = Views;
			sourceTree = "<group>";
		};
		3B5C8F162C5092ED0025A196 /* Models */ = {
			isa = PBXGroup;
			children = (
				3B97DE9A2C4F8074009ED947 /* AuthViewModel.swift */,
			);
			path = Models;
			sourceTree = "<group>";
		};
		3B5C8F172C50930D0025A196 /* Views */ = {
			isa = PBXGroup;
			children = (
				3B97DE972C4F78E1009ED947 /* FeedView.swift */,
				3B97DE952C4F7340009ED947 /* PostView.swift */,
			);
			path = Views;
			sourceTree = "<group>";
		};
		3B5C8F182C5093180025A196 /* Models */ = {
			isa = PBXGroup;
			children = (
				3B97DE912C4F6AE7009ED947 /* Post.swift */,
			);
			path = Models;
			sourceTree = "<group>";
		};
		3B5C8F192C5093320025A196 /* ViewModels */ = {
			isa = PBXGroup;
			children = (
				3B97DE932C4F6C8C009ED947 /* PostViewModel.swift */,
			);
			path = ViewModels;
			sourceTree = "<group>";
		};
		3B97DE6C2C4F67D5009ED947 = {
			isa = PBXGroup;
			children = (
				3B97DE772C4F67D5009ED947 /* Socially */,
				3B97DE762C4F67D5009ED947 /* Products */,
			);
			sourceTree = "<group>";
		};
		3B97DE762C4F67D5009ED947 /* Products */ = {
			isa = PBXGroup;
			children = (
				3B97DE752C4F67D5009ED947 /* Socially.app */,
			);
			name = Products;
			sourceTree = "<group>";
		};
		3B97DE772C4F67D5009ED947 /* Socially */ = {
			isa = PBXGroup;
			children = (
				3B97DE992C4F7F77009ED947 /* Socially.entitlements */,
				3B97DE782C4F67D5009ED947 /* SociallyApp.swift */,
				3B5C8F142C5092660025A196 /* Posts */,
				3B5C8F132C50922E0025A196 /* Account */,
				3B97DE7C2C4F67D6009ED947 /* Assets.xcassets */,
				3B97DE862C4F68F5009ED947 /* GoogleService-Info.plist */,
				3B97DE7E2C4F67D6009ED947 /* Preview Content */,
			);
			path = Socially;
			sourceTree = "<group>";
		};
		3B97DE7E2C4F67D6009ED947 /* Preview Content */ = {
			isa = PBXGroup;
			children = (
				3B97DE7F2C4F67D6009ED947 /* Preview Assets.xcassets */,
			);
			path = "Preview Content";
			sourceTree = "<group>";
		};
/* End PBXGroup section */

/* Begin PBXNativeTarget section */
		3B97DE742C4F67D5009ED947 /* Socially */ = {
			isa = PBXNativeTarget;
			buildConfigurationList = 3B97DE832C4F67D6009ED947 /* Build configuration list for PBXNativeTarget "Socially" */;
			buildPhases = (
				3B97DE712C4F67D5009ED947 /* Sources */,
				3B97DE722C4F67D5009ED947 /* Frameworks */,
				3B97DE732C4F67D5009ED947 /* Resources */,
			);
			buildRules = (
			);
			dependencies = (
			);
			name = Socially;
			packageProductDependencies = (
				3B97DE892C4F69B2009ED947 /* FirebaseAuth */,
				3B97DE8B2C4F69B2009ED947 /* FirebaseFirestore */,
				3B97DE8D2C4F69B2009ED947 /* FirebaseFirestoreSwift */,
				3B97DE8F2C4F69B2009ED947 /* FirebaseStorage */,
			);
			productName = Socially;
			productReference = 3B97DE752C4F67D5009ED947 /* Socially.app */;
			productType = "com.apple.product-type.application";
		};
/* End PBXNativeTarget section */

/* Begin PBXProject section */
		3B97DE6D2C4F67D5009ED947 /* Project object */ = {
			isa = PBXProject;
			attributes = {
				BuildIndependentTargetsInParallel = 1;
				LastSwiftUpdateCheck = 1540;
				LastUpgradeCheck = 1540;
				TargetAttributes = {
					3B97DE742C4F67D5009ED947 = {
						CreatedOnToolsVersion = 15.4;
					};
				};
			};
			buildConfigurationList = 3B97DE702C4F67D5009ED947 /* Build configuration list for PBXProject "Socially" */;
			compatibilityVersion = "Xcode 14.0";
			developmentRegion = en;
			hasScannedForEncodings = 0;
			knownRegions = (
				en,
				Base,
			);
			mainGroup = 3B97DE6C2C4F67D5009ED947;
			packageReferences = (
				3B97DE882C4F69B2009ED947 /* XCRemoteSwiftPackageReference "firebase-ios-sdk" */,
			);
			productRefGroup = 3B97DE762C4F67D5009ED947 /* Products */;
			projectDirPath = "";
			projectRoot = "";
			targets = (
				3B97DE742C4F67D5009ED947 /* Socially */,
			);
		};
/* End PBXProject section */

/* Begin PBXResourcesBuildPhase section */
		3B97DE732C4F67D5009ED947 /* Resources */ = {
			isa = PBXResourcesBuildPhase;
			buildActionMask = 2147483647;
			files = (
				3B97DE802C4F67D6009ED947 /* Preview Assets.xcassets in Resources */,
				3B97DE7D2C4F67D6009ED947 /* Assets.xcassets in Resources */,
				3B97DE872C4F68F5009ED947 /* GoogleService-Info.plist in Resources */,
			);
			runOnlyForDeploymentPostprocessing = 0;
		};
/* End PBXResourcesBuildPhase section */

/* Begin PBXSourcesBuildPhase section */
		3B97DE712C4F67D5009ED947 /* Sources */ = {
			isa = PBXSourcesBuildPhase;
			buildActionMask = 2147483647;
			files = (
				3B5C8F122C50803C0025A196 /* ProfileView.swift in Sources */,
				3B97DE982C4F78E1009ED947 /* FeedView.swift in Sources */,
				3B97DE942C4F6C8C009ED947 /* PostViewModel.swift in Sources */,
				3B97DE9B2C4F8074009ED947 /* AuthViewModel.swift in Sources */,
				3B97DE9D2C4F81C0009ED947 /* SignUpView.swift in Sources */,
				3B97DE922C4F6AE7009ED947 /* Post.swift in Sources */,
				3B97DE962C4F7340009ED947 /* PostView.swift in Sources */,
				3B97DE792C4F67D5009ED947 /* SociallyApp.swift in Sources */,
			);
			runOnlyForDeploymentPostprocessing = 0;
		};
/* End PBXSourcesBuildPhase section */

/* Begin XCBuildConfiguration section */
		3B97DE812C4F67D6009ED947 /* Debug */ = {
			isa = XCBuildConfiguration;
			buildSettings = {
				ALWAYS_SEARCH_USER_PATHS = NO;
				ASSETCATALOG_COMPILER_GENERATE_SWIFT_ASSET_SYMBOL_EXTENSIONS = YES;
				CLANG_ANALYZER_NONNULL = YES;
				CLANG_ANALYZER_NUMBER_OBJECT_CONVERSION = YES_AGGRESSIVE;
				CLANG_CXX_LANGUAGE_STANDARD = "gnu++20";
				CLANG_ENABLE_MODULES = YES;
				CLANG_ENABLE_OBJC_ARC = YES;
				CLANG_ENABLE_OBJC_WEAK = YES;
				CLANG_WARN_BLOCK_CAPTURE_AUTORELEASING = YES;
				CLANG_WARN_BOOL_CONVERSION = YES;
				CLANG_WARN_COMMA = YES;
				CLANG_WARN_CONSTANT_CONVERSION = YES;
				CLANG_WARN_DEPRECATED_OBJC_IMPLEMENTATIONS = YES;
				CLANG_WARN_DIRECT_OBJC_ISA_USAGE = YES_ERROR;
				CLANG_WARN_DOCUMENTATION_COMMENTS = YES;
				CLANG_WARN_EMPTY_BODY = YES;
				CLANG_WARN_ENUM_CONVERSION = YES;
				CLANG_WARN_INFINITE_RECURSION = YES;
				CLANG_WARN_INT_CONVERSION = YES;
				CLANG_WARN_NON_LITERAL_NULL_CONVERSION = YES;
				CLANG_WARN_OBJC_IMPLICIT_RETAIN_SELF = YES;
				CLANG_WARN_OBJC_LITERAL_CONVERSION = YES;
				CLANG_WARN_OBJC_ROOT_CLASS = YES_ERROR;
				CLANG_WARN_QUOTED_INCLUDE_IN_FRAMEWORK_HEADER = YES;
				CLANG_WARN_RANGE_LOOP_ANALYSIS = YES;
				CLANG_WARN_STRICT_PROTOTYPES = YES;
				CLANG_WARN_SUSPICIOUS_MOVE = YES;
				CLANG_WARN_UNGUARDED_AVAILABILITY = YES_AGGRESSIVE;
				CLANG_WARN_UNREACHABLE_CODE = YES;
				CLANG_WARN__DUPLICATE_METHOD_MATCH = YES;
				COPY_PHASE_STRIP = NO;
				DEBUG_INFORMATION_FORMAT = dwarf;
				ENABLE_STRICT_OBJC_MSGSEND = YES;
				ENABLE_TESTABILITY = YES;
				ENABLE_USER_SCRIPT_SANDBOXING = YES;
				GCC_C_LANGUAGE_STANDARD = gnu17;
				GCC_DYNAMIC_NO_PIC = NO;
				GCC_NO_COMMON_BLOCKS = YES;
				GCC_OPTIMIZATION_LEVEL = 0;
				GCC_PREPROCESSOR_DEFINITIONS = (
					"DEBUG=1",
					"$(inherited)",
				);
				GCC_WARN_64_TO_32_BIT_CONVERSION = YES;
				GCC_WARN_ABOUT_RETURN_TYPE = YES_ERROR;
				GCC_WARN_UNDECLARED_SELECTOR = YES;
				GCC_WARN_UNINITIALIZED_AUTOS = YES_AGGRESSIVE;
				GCC_WARN_UNUSED_FUNCTION = YES;
				GCC_WARN_UNUSED_VARIABLE = YES;
				IPHONEOS_DEPLOYMENT_TARGET = 17.5;
				LOCALIZATION_PREFERS_STRING_CATALOGS = YES;
				MTL_ENABLE_DEBUG_INFO = INCLUDE_SOURCE;
				MTL_FAST_MATH = YES;
				ONLY_ACTIVE_ARCH = YES;
				SDKROOT = iphoneos;
				SWIFT_ACTIVE_COMPILATION_CONDITIONS = "DEBUG $(inherited)";
				SWIFT_OPTIMIZATION_LEVEL = "-Onone";
			};
			name = Debug;
		};
		3B97DE822C4F67D6009ED947 /* Release */ = {
			isa = XCBuildConfiguration;
			buildSettings = {
				ALWAYS_SEARCH_USER_PATHS = NO;
				ASSETCATALOG_COMPILER_GENERATE_SWIFT_ASSET_SYMBOL_EXTENSIONS = YES;
				CLANG_ANALYZER_NONNULL = YES;
				CLANG_ANALYZER_NUMBER_OBJECT_CONVERSION = YES_AGGRESSIVE;
				CLANG_CXX_LANGUAGE_STANDARD = "gnu++20";
				CLANG_ENABLE_MODULES = YES;
				CLANG_ENABLE_OBJC_ARC = YES;
				CLANG_ENABLE_OBJC_WEAK = YES;
				CLANG_WARN_BLOCK_CAPTURE_AUTORELEASING = YES;
				CLANG_WARN_BOOL_CONVERSION = YES;
				CLANG_WARN_COMMA = YES;
				CLANG_WARN_CONSTANT_CONVERSION = YES;
				CLANG_WARN_DEPRECATED_OBJC_IMPLEMENTATIONS = YES;
				CLANG_WARN_DIRECT_OBJC_ISA_USAGE = YES_ERROR;
				CLANG_WARN_DOCUMENTATION_COMMENTS = YES;
				CLANG_WARN_EMPTY_BODY = YES;
				CLANG_WARN_ENUM_CONVERSION = YES;
				CLANG_WARN_INFINITE_RECURSION = YES;
				CLANG_WARN_INT_CONVERSION = YES;
				CLANG_WARN_NON_LITERAL_NULL_CONVERSION = YES;
				CLANG_WARN_OBJC_IMPLICIT_RETAIN_SELF = YES;
				CLANG_WARN_OBJC_LITERAL_CONVERSION = YES;
				CLANG_WARN_OBJC_ROOT_CLASS = YES_ERROR;
				CLANG_WARN_QUOTED_INCLUDE_IN_FRAMEWORK_HEADER = YES;
				CLANG_WARN_RANGE_LOOP_ANALYSIS = YES;
				CLANG_WARN_STRICT_PROTOTYPES = YES;
				CLANG_WARN_SUSPICIOUS_MOVE = YES;
				CLANG_WARN_UNGUARDED_AVAILABILITY = YES_AGGRESSIVE;
				CLANG_WARN_UNREACHABLE_CODE = YES;
				CLANG_WARN__DUPLICATE_METHOD_MATCH = YES;
				COPY_PHASE_STRIP = NO;
				DEBUG_INFORMATION_FORMAT = "dwarf-with-dsym";
				ENABLE_NS_ASSERTIONS = NO;
				ENABLE_STRICT_OBJC_MSGSEND = YES;
				ENABLE_USER_SCRIPT_SANDBOXING = YES;
				GCC_C_LANGUAGE_STANDARD = gnu17;
				GCC_NO_COMMON_BLOCKS = YES;
				GCC_WARN_64_TO_32_BIT_CONVERSION = YES;
				GCC_WARN_ABOUT_RETURN_TYPE = YES_ERROR;
				GCC_WARN_UNDECLARED_SELECTOR = YES;
				GCC_WARN_UNINITIALIZED_AUTOS = YES_AGGRESSIVE;
				GCC_WARN_UNUSED_FUNCTION = YES;
				GCC_WARN_UNUSED_VARIABLE = YES;
				IPHONEOS_DEPLOYMENT_TARGET = 17.5;
				LOCALIZATION_PREFERS_STRING_CATALOGS = YES;
				MTL_ENABLE_DEBUG_INFO = NO;
				MTL_FAST_MATH = YES;
				SDKROOT = iphoneos;
				SWIFT_COMPILATION_MODE = wholemodule;
				VALIDATE_PRODUCT = YES;
			};
			name = Release;
		};
		3B97DE842C4F67D6009ED947 /* Debug */ = {
			isa = XCBuildConfiguration;
			buildSettings = {
				ASSETCATALOG_COMPILER_APPICON_NAME = AppIcon;
				ASSETCATALOG_COMPILER_GLOBAL_ACCENT_COLOR_NAME = AccentColor;
				CODE_SIGN_ENTITLEMENTS = Socially/Socially.entitlements;
				CODE_SIGN_STYLE = Automatic;
				CURRENT_PROJECT_VERSION = 1;
				DEVELOPMENT_ASSET_PATHS = "\"Socially/Preview Content\"";
				ENABLE_PREVIEWS = YES;
				GENERATE_INFOPLIST_FILE = YES;
				INFOPLIST_KEY_UIApplicationSceneManifest_Generation = YES;
				INFOPLIST_KEY_UIApplicationSupportsIndirectInputEvents = YES;
				INFOPLIST_KEY_UILaunchScreen_Generation = YES;
				INFOPLIST_KEY_UISupportedInterfaceOrientations_iPad = "UIInterfaceOrientationPortrait UIInterfaceOrientationPortraitUpsideDown UIInterfaceOrientationLandscapeLeft UIInterfaceOrientationLandscapeRight";
				INFOPLIST_KEY_UISupportedInterfaceOrientations_iPhone = "UIInterfaceOrientationPortrait UIInterfaceOrientationLandscapeLeft UIInterfaceOrientationLandscapeRight";
				LD_RUNPATH_SEARCH_PATHS = (
					"$(inherited)",
					"@executable_path/Frameworks",
				);
				MARKETING_VERSION = 1.0;
				PRODUCT_BUNDLE_IDENTIFIER = kr.co.codegrove.Socially;
				PRODUCT_NAME = "$(TARGET_NAME)";
				SWIFT_EMIT_LOC_STRINGS = YES;
				SWIFT_VERSION = 5.0;
				TARGETED_DEVICE_FAMILY = "1,2";
			};
			name = Debug;
		};
		3B97DE852C4F67D6009ED947 /* Release */ = {
			isa = XCBuildConfiguration;
			buildSettings = {
				ASSETCATALOG_COMPILER_APPICON_NAME = AppIcon;
				ASSETCATALOG_COMPILER_GLOBAL_ACCENT_COLOR_NAME = AccentColor;
				CODE_SIGN_ENTITLEMENTS = Socially/Socially.entitlements;
				CODE_SIGN_STYLE = Automatic;
				CURRENT_PROJECT_VERSION = 1;
				DEVELOPMENT_ASSET_PATHS = "\"Socially/Preview Content\"";
				ENABLE_PREVIEWS = YES;
				GENERATE_INFOPLIST_FILE = YES;
				INFOPLIST_KEY_UIApplicationSceneManifest_Generation = YES;
				INFOPLIST_KEY_UIApplicationSupportsIndirectInputEvents = YES;
				INFOPLIST_KEY_UILaunchScreen_Generation = YES;
				INFOPLIST_KEY_UISupportedInterfaceOrientations_iPad = "UIInterfaceOrientationPortrait UIInterfaceOrientationPortraitUpsideDown UIInterfaceOrientationLandscapeLeft UIInterfaceOrientationLandscapeRight";
				INFOPLIST_KEY_UISupportedInterfaceOrientations_iPhone = "UIInterfaceOrientationPortrait UIInterfaceOrientationLandscapeLeft UIInterfaceOrientationLandscapeRight";
				LD_RUNPATH_SEARCH_PATHS = (
					"$(inherited)",
					"@executable_path/Frameworks",
				);
				MARKETING_VERSION = 1.0;
				PRODUCT_BUNDLE_IDENTIFIER = kr.co.codegrove.Socially;
				PRODUCT_NAME = "$(TARGET_NAME)";
				SWIFT_EMIT_LOC_STRINGS = YES;
				SWIFT_VERSION = 5.0;
				TARGETED_DEVICE_FAMILY = "1,2";
			};
			name = Release;
		};
/* End XCBuildConfiguration section */

/* Begin XCConfigurationList section */
		3B97DE702C4F67D5009ED947 /* Build configuration list for PBXProject "Socially" */ = {
			isa = XCConfigurationList;
			buildConfigurations = (
				3B97DE812C4F67D6009ED947 /* Debug */,
				3B97DE822C4F67D6009ED947 /* Release */,
			);
			defaultConfigurationIsVisible = 0;
			defaultConfigurationName = Release;
		};
		3B97DE832C4F67D6009ED947 /* Build configuration list for PBXNativeTarget "Socially" */ = {
			isa = XCConfigurationList;
			buildConfigurations = (
				3B97DE842C4F67D6009ED947 /* Debug */,
				3B97DE852C4F67D6009ED947 /* Release */,
			);
			defaultConfigurationIsVisible = 0;
			defaultConfigurationName = Release;
		};
/* End XCConfigurationList section */

/* Begin XCRemoteSwiftPackageReference section */
		3B97DE882C4F69B2009ED947 /* XCRemoteSwiftPackageReference "firebase-ios-sdk" */ = {
			isa = XCRemoteSwiftPackageReference;
			repositoryURL = "https://github.com/firebase/firebase-ios-sdk.git";
			requirement = {
				kind = upToNextMajorVersion;
				minimumVersion = 10.29.0;
			};
		};
/* End XCRemoteSwiftPackageReference section */

/* Begin XCSwiftPackageProductDependency section */
		3B97DE892C4F69B2009ED947 /* FirebaseAuth */ = {
			isa = XCSwiftPackageProductDependency;
			package = 3B97DE882C4F69B2009ED947 /* XCRemoteSwiftPackageReference "firebase-ios-sdk" */;
			productName = FirebaseAuth;
		};
		3B97DE8B2C4F69B2009ED947 /* FirebaseFirestore */ = {
			isa = XCSwiftPackageProductDependency;
			package = 3B97DE882C4F69B2009ED947 /* XCRemoteSwiftPackageReference "firebase-ios-sdk" */;
			productName = FirebaseFirestore;
		};
		3B97DE8D2C4F69B2009ED947 /* FirebaseFirestoreSwift */ = {
			isa = XCSwiftPackageProductDependency;
			package = 3B97DE882C4F69B2009ED947 /* XCRemoteSwiftPackageReference "firebase-ios-sdk" */;
			productName = FirebaseFirestoreSwift;
		};
		3B97DE8F2C4F69B2009ED947 /* FirebaseStorage */ = {
			isa = XCSwiftPackageProductDependency;
			package = 3B97DE882C4F69B2009ED947 /* XCRemoteSwiftPackageReference "firebase-ios-sdk" */;
			productName = FirebaseStorage;
		};
/* End XCSwiftPackageProductDependency section */
	};
	rootObject = 3B97DE6D2C4F67D5009ED947 /* Project object */;
}
